
Microsoft Visual Studio Solution File, Format Version 12.00
# Visual Studio 15
VisualStudioVersion = 15.0.28307.271
MinimumVisualStudioVersion = 10.0.40219.1
Project("{9092AA53-FB77-4645-B42D-1CCCA6BD08BD}") = "puppeteer_vs1", "puppeteer_vs1.njsproj", "{2E9F7C6D-23DC-4C05-81E7-B9A63034F579}"
EndProject
Global
	GlobalSection(SolutionConfigurationPlatforms) = preSolution
		Debug|Any CPU = Debug|Any CPU
		Release|Any CPU = Release|Any CPU
	EndGlobalSection
	GlobalSection(ProjectConfigurationPlatforms) = postSolution
		{2E9F7C6D-23DC-4C05-81E7-B9A63034F579}.Debug|Any CPU.ActiveCfg = Debug|Any CPU
		{2E9F7C6D-23DC-4C05-81E7-B9A63034F579}.Debug|Any CPU.Build.0 = Debug|Any CPU
		{2E9F7C6D-23DC-4C05-81E7-B9A63034F579}.Release|Any CPU.ActiveCfg = Release|Any CPU
		{2E9F7C6D-23DC-4C05-81E7-B9A63034F579}.Release|Any CPU.Build.0 = Release|Any CPU
	EndGlobalSection
	GlobalSection(SolutionProperties) = preSolution
		HideSolutionNode = FALSE
	EndGlobalSection
	GlobalSection(ExtensibilityGlobals) = postSolution
		SolutionGuid = {6145D28C-E6A1-48E4-849D-6F121CC414D9}
	EndGlobalSection
EndGlobal
